
Microsoft Visual Studio Solution File, Format Version 12.00
# Visual Studio Version 17
VisualStudioVersion = 17.5.33516.290
MinimumVisualStudioVersion = 10.0.40219.1
Project("{FAE04EC0-301F-11D3-BF4B-00C04F79EFBC}") = "Event-Driven", "Event-Driven\Event-Driven.csproj", "{BB800798-5B0E-47B8-8CDA-685127085E20}"
EndProject
Global
	GlobalSection(SolutionConfigurationPlatforms) = preSolution
		Debug|Any CPU = Debug|Any CPU
		Release|Any CPU = Release|Any CPU
	EndGlobalSection
	GlobalSection(ProjectConfigurationPlatforms) = postSolution
		{BB800798-5B0E-47B8-8CDA-685127085E20}.Debug|Any CPU.ActiveCfg = Debug|Any CPU
		{BB800798-5B0E-47B8-8CDA-685127085E20}.Debug|Any CPU.Build.0 = Debug|Any CPU
		{BB800798-5B0E-47B8-8CDA-685127085E20}.Release|Any CPU.ActiveCfg = Release|Any CPU
		{BB800798-5B0E-47B8-8CDA-685127085E20}.Release|Any CPU.Build.0 = Release|Any CPU
	EndGlobalSection
	GlobalSection(SolutionProperties) = preSolution
		HideSolutionNode = FALSE
	EndGlobalSection
	GlobalSection(ExtensibilityGlobals) = postSolution
		SolutionGuid = {27AA5929-9A00-438B-A0D7-E4FF16322068}
	EndGlobalSection
EndGlobal
